// !$*UTF8*$!
{
	archiveVersion = 1;
	classes = {
	};
	objectVersion = 46;
	objects = {

/* Begin PBXBuildFile section */
		D2F6A89B1C6009D500DD6BB1 /* AppDelegate.swift in Sources */ = {isa = PBXBuildFile; fileRef = D2F6A89A1C6009D500DD6BB1 /* AppDelegate.swift */; };
		D2F6A89D1C6009D500DD6BB1 /* ViewController.swift in Sources */ = {isa = PBXBuildFile; fileRef = D2F6A89C1C6009D500DD6BB1 /* ViewController.swift */; };
		D2F6A8A01C6009D500DD6BB1 /* Main.storyboard in Resources */ = {isa = PBXBuildFile; fileRef = D2F6A89E1C6009D500DD6BB1 /* Main.storyboard */; };
		D2F6A8A21C6009D500DD6BB1 /* Assets.xcassets in Resources */ = {isa = PBXBuildFile; fileRef = D2F6A8A11C6009D500DD6BB1 /* Assets.xcassets */; };
		D2F6A8A51C6009D500DD6BB1 /* LaunchScreen.storyboard in Resources */ = {isa = PBXBuildFile; fileRef = D2F6A8A31C6009D500DD6BB1 /* LaunchScreen.storyboard */; };
		D2F6A8B01C6009D500DD6BB1 /* SmallMappingProjectTests.swift in Sources */ = {isa = PBXBuildFile; fileRef = D2F6A8AF1C6009D500DD6BB1 /* SmallMappingProjectTests.swift */; };
		D2F6A8BB1C6009D500DD6BB1 /* SmallMappingProjectUITests.swift in Sources */ = {isa = PBXBuildFile; fileRef = D2F6A8BA1C6009D500DD6BB1 /* SmallMappingProjectUITests.swift */; };
		D2F6A8C91C60204200DD6BB1 /* LocationWrapper.swift in Sources */ = {isa = PBXBuildFile; fileRef = D2F6A8C81C60204200DD6BB1 /* LocationWrapper.swift */; };
/* End PBXBuildFile section */

/* Begin PBXContainerItemProxy section */
		D2F6A8AC1C6009D500DD6BB1 /* PBXContainerItemProxy */ = {
			isa = PBXContainerItemProxy;
			containerPortal = D2F6A88F1C6009D500DD6BB1 /* Project object */;
			proxyType = 1;
			remoteGlobalIDString = D2F6A8961C6009D500DD6BB1;
			remoteInfo = SmallMappingProject;
		};
		D2F6A8B71C6009D500DD6BB1 /* PBXContainerItemProxy */ = {
			isa = PBXContainerItemProxy;
			containerPortal = D2F6A88F1C6009D500DD6BB1 /* Project object */;
			proxyType = 1;
			remoteGlobalIDString = D2F6A8961C6009D500DD6BB1;
			remoteInfo = SmallMappingProject;
		};
/* End PBXContainerItemProxy section */

/* Begin PBXFileReference section */
		D2F6A8971C6009D500DD6BB1 /* SmallMappingProject.app */ = {isa = PBXFileReference; explicitFileType = wrapper.application; includeInIndex = 0; path = SmallMappingProject.app; sourceTree = BUILT_PRODUCTS_DIR; };
		D2F6A89A1C6009D500DD6BB1 /* AppDelegate.swift */ = {isa = PBXFileReference; lastKnownFileType = sourcecode.swift; path = AppDelegate.swift; sourceTree = "<group>"; };
		D2F6A89C1C6009D500DD6BB1 /* ViewController.swift */ = {isa = PBXFileReference; lastKnownFileType = sourcecode.swift; path = ViewController.swift; sourceTree = "<group>"; };
		D2F6A89F1C6009D500DD6BB1 /* Base */ = {isa = PBXFileReference; lastKnownFileType = file.storyboard; name = Base; path = Base.lproj/Main.storyboard; sourceTree = "<group>"; };
		D2F6A8A11C6009D500DD6BB1 /* Assets.xcassets */ = {isa = PBXFileReference; lastKnownFileType = folder.assetcatalog; path = Assets.xcassets; sourceTree = "<group>"; };
		D2F6A8A41C6009D500DD6BB1 /* Base */ = {isa = PBXFileReference; lastKnownFileType = file.storyboard; name = Base; path = Base.lproj/LaunchScreen.storyboard; sourceTree = "<group>"; };
		D2F6A8A61C6009D500DD6BB1 /* Info.plist */ = {isa = PBXFileReference; lastKnownFileType = text.plist.xml; path = Info.plist; sourceTree = "<group>"; };
		D2F6A8AB1C6009D500DD6BB1 /* SmallMappingProjectTests.xctest */ = {isa = PBXFileReference; explicitFileType = wrapper.cfbundle; includeInIndex = 0; path = SmallMappingProjectTests.xctest; sourceTree = BUILT_PRODUCTS_DIR; };
		D2F6A8AF1C6009D500DD6BB1 /* SmallMappingProjectTests.swift */ = {isa = PBXFileReference; lastKnownFileType = sourcecode.swift; path = SmallMappingProjectTests.swift; sourceTree = "<group>"; };
		D2F6A8B11C6009D500DD6BB1 /* Info.plist */ = {isa = PBXFileReference; lastKnownFileType = text.plist.xml; path = Info.plist; sourceTree = "<group>"; };
		D2F6A8B61C6009D500DD6BB1 /* SmallMappingProjectUITests.xctest */ = {isa = PBXFileReference; explicitFileType = wrapper.cfbundle; includeInIndex = 0; path = SmallMappingProjectUITests.xctest; sourceTree = BUILT_PRODUCTS_DIR; };
		D2F6A8BA1C6009D500DD6BB1 /* SmallMappingProjectUITests.swift */ = {isa = PBXFileReference; lastKnownFileType = sourcecode.swift; path = SmallMappingProjectUITests.swift; sourceTree = "<group>"; };
		D2F6A8BC1C6009D500DD6BB1 /* Info.plist */ = {isa = PBXFileReference; lastKnownFileType = text.plist.xml; path = Info.plist; sourceTree = "<group>"; };
		D2F6A8C81C60204200DD6BB1 /* LocationWrapper.swift */ = {isa = PBXFileReference; fileEncoding = 4; lastKnownFileType = sourcecode.swift; path = LocationWrapper.swift; sourceTree = "<group>"; };
/* End PBXFileReference section */

/* Begin PBXFrameworksBuildPhase section */
		D2F6A8941C6009D500DD6BB1 /* Frameworks */ = {
			isa = PBXFrameworksBuildPhase;
			buildActionMask = 2147483647;
			files = (
			);
			runOnlyForDeploymentPostprocessing = 0;
		};
		D2F6A8A81C6009D500DD6BB1 /* Frameworks */ = {
			isa = PBXFrameworksBuildPhase;
			buildActionMask = 2147483647;
			files = (
			);
			runOnlyForDeploymentPostprocessing = 0;
		};
		D2F6A8B31C6009D500DD6BB1 /* Frameworks */ = {
			isa = PBXFrameworksBuildPhase;
			buildActionMask = 2147483647;
			files = (
			);
			runOnlyForDeploymentPostprocessing = 0;
		};
/* End PBXFrameworksBuildPhase section */

/* Begin PBXGroup section */
		D2F6A88E1C6009D500DD6BB1 = {
			isa = PBXGroup;
			children = (
				D2F6A8991C6009D500DD6BB1 /* SmallMappingProject */,
				D2F6A8AE1C6009D500DD6BB1 /* SmallMappingProjectTests */,
				D2F6A8B91C6009D500DD6BB1 /* SmallMappingProjectUITests */,
				D2F6A8981C6009D500DD6BB1 /* Products */,
			);
			sourceTree = "<group>";
		};
		D2F6A8981C6009D500DD6BB1 /* Products */ = {
			isa = PBXGroup;
			children = (
				D2F6A8971C6009D500DD6BB1 /* SmallMappingProject.app */,
				D2F6A8AB1C6009D500DD6BB1 /* SmallMappingProjectTests.xctest */,
				D2F6A8B61C6009D500DD6BB1 /* SmallMappingProjectUITests.xctest */,
			);
			name = Products;
			sourceTree = "<group>";
		};
		D2F6A8991C6009D500DD6BB1 /* SmallMappingProject */ = {
			isa = PBXGroup;
			children = (
				D2F6A89A1C6009D500DD6BB1 /* AppDelegate.swift */,
				D2F6A89C1C6009D500DD6BB1 /* ViewController.swift */,
				D2F6A89E1C6009D500DD6BB1 /* Main.storyboard */,
				D2F6A8C81C60204200DD6BB1 /* LocationWrapper.swift */,
				D2F6A8A11C6009D500DD6BB1 /* Assets.xcassets */,
				D2F6A8A31C6009D500DD6BB1 /* LaunchScreen.storyboard */,
				D2F6A8A61C6009D500DD6BB1 /* Info.plist */,
			);
			path = SmallMappingProject;
			sourceTree = "<group>";
		};
		D2F6A8AE1C6009D500DD6BB1 /* SmallMappingProjectTests */ = {
			isa = PBXGroup;
			children = (
				D2F6A8AF1C6009D500DD6BB1 /* SmallMappingProjectTests.swift */,
				D2F6A8B11C6009D500DD6BB1 /* Info.plist */,
			);
			path = SmallMappingProjectTests;
			sourceTree = "<group>";
		};
		D2F6A8B91C6009D500DD6BB1 /* SmallMappingProjectUITests */ = {
			isa = PBXGroup;
			children = (
				D2F6A8BA1C6009D500DD6BB1 /* SmallMappingProjectUITests.swift */,
				D2F6A8BC1C6009D500DD6BB1 /* Info.plist */,
			);
			path = SmallMappingProjectUITests;
			sourceTree = "<group>";
		};
/* End PBXGroup section */

/* Begin PBXNativeTarget section */
		D2F6A8961C6009D500DD6BB1 /* SmallMappingProject */ = {
			isa = PBXNativeTarget;
			buildConfigurationList = D2F6A8BF1C6009D500DD6BB1 /* Build configuration list for PBXNativeTarget "SmallMappingProject" */;
			buildPhases = (
				D2F6A8931C6009D500DD6BB1 /* Sources */,
				D2F6A8941C6009D500DD6BB1 /* Frameworks */,
				D2F6A8951C6009D500DD6BB1 /* Resources */,
			);
			buildRules = (
			);
			dependencies = (
			);
			name = SmallMappingProject;
			productName = SmallMappingProject;
			productReference = D2F6A8971C6009D500DD6BB1 /* SmallMappingProject.app */;
			productType = "com.apple.product-type.application";
		};
		D2F6A8AA1C6009D500DD6BB1 /* SmallMappingProjectTests */ = {
			isa = PBXNativeTarget;
			buildConfigurationList = D2F6A8C21C6009D500DD6BB1 /* Build configuration list for PBXNativeTarget "SmallMappingProjectTests" */;
			buildPhases = (
				D2F6A8A71C6009D500DD6BB1 /* Sources */,
				D2F6A8A81C6009D500DD6BB1 /* Frameworks */,
				D2F6A8A91C6009D500DD6BB1 /* Resources */,
			);
			buildRules = (
			);
			dependencies = (
				D2F6A8AD1C6009D500DD6BB1 /* PBXTargetDependency */,
			);
			name = SmallMappingProjectTests;
			productName = SmallMappingProjectTests;
			productReference = D2F6A8AB1C6009D500DD6BB1 /* SmallMappingProjectTests.xctest */;
			productType = "com.apple.product-type.bundle.unit-test";
		};
		D2F6A8B51C6009D500DD6BB1 /* SmallMappingProjectUITests */ = {
			isa = PBXNativeTarget;
			buildConfigurationList = D2F6A8C51C6009D500DD6BB1 /* Build configuration list for PBXNativeTarget "SmallMappingProjectUITests" */;
			buildPhases = (
				D2F6A8B21C6009D500DD6BB1 /* Sources */,
				D2F6A8B31C6009D500DD6BB1 /* Frameworks */,
				D2F6A8B41C6009D500DD6BB1 /* Resources */,
			);
			buildRules = (
			);
			dependencies = (
				D2F6A8B81C6009D500DD6BB1 /* PBXTargetDependency */,
			);
			name = SmallMappingProjectUITests;
			productName = SmallMappingProjectUITests;
			productReference = D2F6A8B61C6009D500DD6BB1 /* SmallMappingProjectUITests.xctest */;
			productType = "com.apple.product-type.bundle.ui-testing";
		};
/* End PBXNativeTarget section */

/* Begin PBXProject section */
		D2F6A88F1C6009D500DD6BB1 /* Project object */ = {
			isa = PBXProject;
			attributes = {
				LastSwiftUpdateCheck = 0720;
				LastUpgradeCheck = 0720;
				ORGANIZATIONNAME = "Jon Thornburg";
				TargetAttributes = {
					D2F6A8961C6009D500DD6BB1 = {
						CreatedOnToolsVersion = 7.2;
					};
					D2F6A8AA1C6009D500DD6BB1 = {
						CreatedOnToolsVersion = 7.2;
						TestTargetID = D2F6A8961C6009D500DD6BB1;
					};
					D2F6A8B51C6009D500DD6BB1 = {
						CreatedOnToolsVersion = 7.2;
						TestTargetID = D2F6A8961C6009D500DD6BB1;
					};
				};
			};
			buildConfigurationList = D2F6A8921C6009D500DD6BB1 /* Build configuration list for PBXProject "SmallMappingProject" */;
			compatibilityVersion = "Xcode 3.2";
			developmentRegion = English;
			hasScannedForEncodings = 0;
			knownRegions = (
				en,
				Base,
			);
			mainGroup = D2F6A88E1C6009D500DD6BB1;
			productRefGroup = D2F6A8981C6009D500DD6BB1 /* Products */;
			projectDirPath = "";
			projectRoot = "";
			targets = (
				D2F6A8961C6009D500DD6BB1 /* SmallMappingProject */,
				D2F6A8AA1C6009D500DD6BB1 /* SmallMappingProjectTests */,
				D2F6A8B51C6009D500DD6BB1 /* SmallMappingProjectUITests */,
			);
		};
/* End PBXProject section */

/* Begin PBXResourcesBuildPhase section */
		D2F6A8951C6009D500DD6BB1 /* Resources */ = {
			isa = PBXResourcesBuildPhase;
			buildActionMask = 2147483647;
			files = (
				D2F6A8A51C6009D500DD6BB1 /* LaunchScreen.storyboard in Resources */,
				D2F6A8A21C6009D500DD6BB1 /* Assets.xcassets in Resources */,
				D2F6A8A01C6009D500DD6BB1 /* Main.storyboard in Resources */,
			);
			runOnlyForDeploymentPostprocessing = 0;
		};
		D2F6A8A91C6009D500DD6BB1 /* Resources */ = {
			isa = PBXResourcesBuildPhase;
			buildActionMask = 2147483647;
			files = (
			);
			runOnlyForDeploymentPostprocessing = 0;
		};
		D2F6A8B41C6009D500DD6BB1 /* Resources */ = {
			isa = PBXResourcesBuildPhase;
			buildActionMask = 2147483647;
			files = (
			);
			runOnlyForDeploymentPostprocessing = 0;
		};
/* End PBXResourcesBuildPhase section */

/* Begin PBXSourcesBuildPhase section */
		D2F6A8931C6009D500DD6BB1 /* Sources */ = {
			isa = PBXSourcesBuildPhase;
			buildActionMask = 2147483647;
			files = (
				D2F6A89D1C6009D500DD6BB1 /* ViewController.swift in Sources */,
				D2F6A8C91C60204200DD6BB1 /* LocationWrapper.swift in Sources */,
				D2F6A89B1C6009D500DD6BB1 /* AppDelegate.swift in Sources */,
			);
			runOnlyForDeploymentPostprocessing = 0;
		};
		D2F6A8A71C6009D500DD6BB1 /* Sources */ = {
			isa = PBXSourcesBuildPhase;
			buildActionMask = 2147483647;
			files = (
				D2F6A8B01C6009D500DD6BB1 /* SmallMappingProjectTests.swift in Sources */,
			);
			runOnlyForDeploymentPostprocessing = 0;
		};
		D2F6A8B21C6009D500DD6BB1 /* Sources */ = {
			isa = PBXSourcesBuildPhase;
			buildActionMask = 2147483647;
			files = (
				D2F6A8BB1C6009D500DD6BB1 /* SmallMappingProjectUITests.swift in Sources */,
			);
			runOnlyForDeploymentPostprocessing = 0;
		};
/* End PBXSourcesBuildPhase section */

/* Begin PBXTargetDependency section */
		D2F6A8AD1C6009D500DD6BB1 /* PBXTargetDependency */ = {
			isa = PBXTargetDependency;
			target = D2F6A8961C6009D500DD6BB1 /* SmallMappingProject */;
			targetProxy = D2F6A8AC1C6009D500DD6BB1 /* PBXContainerItemProxy */;
		};
		D2F6A8B81C6009D500DD6BB1 /* PBXTargetDependency */ = {
			isa = PBXTargetDependency;
			target = D2F6A8961C6009D500DD6BB1 /* SmallMappingProject */;
			targetProxy = D2F6A8B71C6009D500DD6BB1 /* PBXContainerItemProxy */;
		};
/* End PBXTargetDependency section */

/* Begin PBXVariantGroup section */
		D2F6A89E1C6009D500DD6BB1 /* Main.storyboard */ = {
			isa = PBXVariantGroup;
			children = (
				D2F6A89F1C6009D500DD6BB1 /* Base */,
			);
			name = Main.storyboard;
			sourceTree = "<group>";
		};
		D2F6A8A31C6009D500DD6BB1 /* LaunchScreen.storyboard */ = {
			isa = PBXVariantGroup;
			children = (
				D2F6A8A41C6009D500DD6BB1 /* Base */,
			);
			name = LaunchScreen.storyboard;
			sourceTree = "<group>";
		};
/* End PBXVariantGroup section */

/* Begin XCBuildConfiguration section */
		D2F6A8BD1C6009D500DD6BB1 /* Debug */ = {
			isa = XCBuildConfiguration;
			buildSettings = {
				ALWAYS_SEARCH_USER_PATHS = NO;
				CLANG_CXX_LANGUAGE_STANDARD = "gnu++0x";
				CLANG_CXX_LIBRARY = "libc++";
				CLANG_ENABLE_MODULES = YES;
				CLANG_ENABLE_OBJC_ARC = YES;
				CLANG_WARN_BOOL_CONVERSION = YES;
				CLANG_WARN_CONSTANT_CONVERSION = YES;
				CLANG_WARN_DIRECT_OBJC_ISA_USAGE = YES_ERROR;
				CLANG_WARN_EMPTY_BODY = YES;
				CLANG_WARN_ENUM_CONVERSION = YES;
				CLANG_WARN_INT_CONVERSION = YES;
				CLANG_WARN_OBJC_ROOT_CLASS = YES_ERROR;
				CLANG_WARN_UNREACHABLE_CODE = YES;
				CLANG_WARN__DUPLICATE_METHOD_MATCH = YES;
				"CODE_SIGN_IDENTITY[sdk=iphoneos*]" = "iPhone Developer";
				COPY_PHASE_STRIP = NO;
				DEBUG_INFORMATION_FORMAT = dwarf;
				ENABLE_STRICT_OBJC_MSGSEND = YES;
				ENABLE_TESTABILITY = YES;
				GCC_C_LANGUAGE_STANDARD = gnu99;
				GCC_DYNAMIC_NO_PIC = NO;
				GCC_NO_COMMON_BLOCKS = YES;
				GCC_OPTIMIZATION_LEVEL = 0;
				GCC_PREPROCESSOR_DEFINITIONS = (
					"DEBUG=1",
					"$(inherited)",
				);
				GCC_WARN_64_TO_32_BIT_CONVERSION = YES;
				GCC_WARN_ABOUT_RETURN_TYPE = YES_ERROR;
				GCC_WARN_UNDECLARED_SELECTOR = YES;
				GCC_WARN_UNINITIALIZED_AUTOS = YES_AGGRESSIVE;
				GCC_WARN_UNUSED_FUNCTION = YES;
				GCC_WARN_UNUSED_VARIABLE = YES;
				IPHONEOS_DEPLOYMENT_TARGET = 9.2;
				MTL_ENABLE_DEBUG_INFO = YES;
				ONLY_ACTIVE_ARCH = YES;
				SDKROOT = iphoneos;
				SWIFT_OPTIMIZATION_LEVEL = "-Onone";
				TARGETED_DEVICE_FAMILY = "1,2";
			};
			name = Debug;
		};
		D2F6A8BE1C6009D500DD6BB1 /* Release */ = {
			isa = XCBuildConfiguration;
			buildSettings = {
				ALWAYS_SEARCH_USER_PATHS = NO;
				CLANG_CXX_LANGUAGE_STANDARD = "gnu++0x";
				CLANG_CXX_LIBRARY = "libc++";
				CLANG_ENABLE_MODULES = YES;
				CLANG_ENABLE_OBJC_ARC = YES;
				CLANG_WARN_BOOL_CONVERSION = YES;
				CLANG_WARN_CONSTANT_CONVERSION = YES;
				CLANG_WARN_DIRECT_OBJC_ISA_USAGE = YES_ERROR;
				CLANG_WARN_EMPTY_BODY = YES;
				CLANG_WARN_ENUM_CONVERSION = YES;
				CLANG_WARN_INT_CONVERSION = YES;
				CLANG_WARN_OBJC_ROOT_CLASS = YES_ERROR;
				CLANG_WARN_UNREACHABLE_CODE = YES;
				CLANG_WARN__DUPLICATE_METHOD_MATCH = YES;
				"CODE_SIGN_IDENTITY[sdk=iphoneos*]" = "iPhone Developer";
				COPY_PHASE_STRIP = NO;
				DEBUG_INFORMATION_FORMAT = "dwarf-with-dsym";
				ENABLE_NS_ASSERTIONS = NO;
				ENABLE_STRICT_OBJC_MSGSEND = YES;
				GCC_C_LANGUAGE_STANDARD = gnu99;
				GCC_NO_COMMON_BLOCKS = YES;
				GCC_WARN_64_TO_32_BIT_CONVERSION = YES;
				GCC_WARN_ABOUT_RETURN_TYPE = YES_ERROR;
				GCC_WARN_UNDECLARED_SELECTOR = YES;
				GCC_WARN_UNINITIALIZED_AUTOS = YES_AGGRESSIVE;
				GCC_WARN_UNUSED_FUNCTION = YES;
				GCC_WARN_UNUSED_VARIABLE = YES;
				IPHONEOS_DEPLOYMENT_TARGET = 9.2;
				MTL_ENABLE_DEBUG_INFO = NO;
				SDKROOT = iphoneos;
				TARGETED_DEVICE_FAMILY = "1,2";
				VALIDATE_PRODUCT = YES;
			};
			name = Release;
		};
		D2F6A8C01C6009D500DD6BB1 /* Debug */ = {
			isa = XCBuildConfiguration;
			buildSettings = {
				ASSETCATALOG_COMPILER_APPICON_NAME = AppIcon;
				INFOPLIST_FILE = SmallMappingProject/Info.plist;
				LD_RUNPATH_SEARCH_PATHS = "$(inherited) @executable_path/Frameworks";
				PRODUCT_BUNDLE_IDENTIFIER = clickHereLabs.SmallMappingProject;
				PRODUCT_NAME = "$(TARGET_NAME)";
			};
			name = Debug;
		};
		D2F6A8C11C6009D500DD6BB1 /* Release */ = {
			isa = XCBuildConfiguration;
			buildSettings = {
				ASSETCATALOG_COMPILER_APPICON_NAME = AppIcon;
				INFOPLIST_FILE = SmallMappingProject/Info.plist;
				LD_RUNPATH_SEARCH_PATHS = "$(inherited) @executable_path/Frameworks";
				PRODUCT_BUNDLE_IDENTIFIER = clickHereLabs.SmallMappingProject;
				PRODUCT_NAME = "$(TARGET_NAME)";
			};
			name = Release;
		};
		D2F6A8C31C6009D500DD6BB1 /* Debug */ = {
			isa = XCBuildConfiguration;
			buildSettings = {
				BUNDLE_LOADER = "$(TEST_HOST)";
				INFOPLIST_FILE = SmallMappingProjectTests/Info.plist;
				LD_RUNPATH_SEARCH_PATHS = "$(inherited) @executable_path/Frameworks @loader_path/Frameworks";
				PRODUCT_BUNDLE_IDENTIFIER = clickHereLabs.SmallMappingProjectTests;
				PRODUCT_NAME = "$(TARGET_NAME)";
				TEST_HOST = "$(BUILT_PRODUCTS_DIR)/SmallMappingProject.app/SmallMappingProject";
			};
			name = Debug;
		};
		D2F6A8C41C6009D500DD6BB1 /* Release */ = {
			isa = XCBuildConfiguration;
			buildSettings = {
				BUNDLE_LOADER = "$(TEST_HOST)";
				INFOPLIST_FILE = SmallMappingProjectTests/Info.plist;
				LD_RUNPATH_SEARCH_PATHS = "$(inherited) @executable_path/Frameworks @loader_path/Frameworks";
				PRODUCT_BUNDLE_IDENTIFIER = clickHereLabs.SmallMappingProjectTests;
				PRODUCT_NAME = "$(TARGET_NAME)";
				TEST_HOST = "$(BUILT_PRODUCTS_DIR)/SmallMappingProject.app/SmallMappingProject";
			};
			name = Release;
		};
		D2F6A8C61C6009D500DD6BB1 /* Debug */ = {
			isa = XCBuildConfiguration;
			buildSettings = {
				INFOPLIST_FILE = SmallMappingProjectUITests/Info.plist;
				LD_RUNPATH_SEARCH_PATHS = "$(inherited) @executable_path/Frameworks @loader_path/Frameworks";
				PRODUCT_BUNDLE_IDENTIFIER = clickHereLabs.SmallMappingProjectUITests;
				PRODUCT_NAME = "$(TARGET_NAME)";
				TEST_TARGET_NAME = SmallMappingProject;
				USES_XCTRUNNER = YES;
			};
			name = Debug;
		};
		D2F6A8C71C6009D500DD6BB1 /* Release */ = {
			isa = XCBuildConfiguration;
			buildSettings = {
				INFOPLIST_FILE = SmallMappingProjectUITests/Info.plist;
				LD_RUNPATH_SEARCH_PATHS = "$(inherited) @executable_path/Frameworks @loader_path/Frameworks";
				PRODUCT_BUNDLE_IDENTIFIER = clickHereLabs.SmallMappingProjectUITests;
				PRODUCT_NAME = "$(TARGET_NAME)";
				TEST_TARGET_NAME = SmallMappingProject;
				USES_XCTRUNNER = YES;
			};
			name = Release;
		};
/* End XCBuildConfiguration section */

/* Begin XCConfigurationList section */
		D2F6A8921C6009D500DD6BB1 /* Build configuration list for PBXProject "SmallMappingProject" */ = {
			isa = XCConfigurationList;
			buildConfigurations = (
				D2F6A8BD1C6009D500DD6BB1 /* Debug */,
				D2F6A8BE1C6009D500DD6BB1 /* Release */,
			);
			defaultConfigurationIsVisible = 0;
			defaultConfigurationName = Release;
		};
		D2F6A8BF1C6009D500DD6BB1 /* Build configuration list for PBXNativeTarget "SmallMappingProject" */ = {
			isa = XCConfigurationList;
			buildConfigurations = (
				D2F6A8C01C6009D500DD6BB1 /* Debug */,
				D2F6A8C11C6009D500DD6BB1 /* Release */,
			);
			defaultConfigurationIsVisible = 0;
		};
		D2F6A8C21C6009D500DD6BB1 /* Build configuration list for PBXNativeTarget "SmallMappingProjectTests" */ = {
			isa = XCConfigurationList;
			buildConfigurations = (
				D2F6A8C31C6009D500DD6BB1 /* Debug */,
				D2F6A8C41C6009D500DD6BB1 /* Release */,
			);
			defaultConfigurationIsVisible = 0;
		};
		D2F6A8C51C6009D500DD6BB1 /* Build configuration list for PBXNativeTarget "SmallMappingProjectUITests" */ = {
			isa = XCConfigurationList;
			buildConfigurations = (
				D2F6A8C61C6009D500DD6BB1 /* Debug */,
				D2F6A8C71C6009D500DD6BB1 /* Release */,
			);
			defaultConfigurationIsVisible = 0;
		};
/* End XCConfigurationList section */
	};
	rootObject = D2F6A88F1C6009D500DD6BB1 /* Project object */;
}
